
Microsoft Visual Studio Solution File, Format Version 12.00
# Visual Studio Version 17
VisualStudioVersion = 17.6.33801.468
MinimumVisualStudioVersion = 10.0.40219.1
Project("{FAE04EC0-301F-11D3-BF4B-00C04F79EFBC}") = "KunayahMarketPrj", "KunayahMarketPrj\KunayahMarketPrj.csproj", "{B98B11EF-93AA-4760-9903-E89FC14839BC}"
EndProject
Global
	GlobalSection(SolutionConfigurationPlatforms) = preSolution
		Debug|Any CPU = Debug|Any CPU
		Release|Any CPU = Release|Any CPU
	EndGlobalSection
	GlobalSection(ProjectConfigurationPlatforms) = postSolution
		{B98B11EF-93AA-4760-9903-E89FC14839BC}.Debug|Any CPU.ActiveCfg = Debug|Any CPU
		{B98B11EF-93AA-4760-9903-E89FC14839BC}.Debug|Any CPU.Build.0 = Debug|Any CPU
		{B98B11EF-93AA-4760-9903-E89FC14839BC}.Release|Any CPU.ActiveCfg = Release|Any CPU
		{B98B11EF-93AA-4760-9903-E89FC14839BC}.Release|Any CPU.Build.0 = Release|Any CPU
	EndGlobalSection
	GlobalSection(SolutionProperties) = preSolution
		HideSolutionNode = FALSE
	EndGlobalSection
	GlobalSection(ExtensibilityGlobals) = postSolution
		SolutionGuid = {269D41EC-5C82-403D-8FD5-B477E8CA09E1}
	EndGlobalSection
EndGlobal
